
Microsoft Visual Studio Solution File, Format Version 12.00
# Visual Studio Version 17
VisualStudioVersion = 17.10.35027.167
MinimumVisualStudioVersion = 10.0.40219.1
Project("{9A19103F-16F7-4668-BE54-9A1E7A4F7556}") = "CRM.API", "CRM.API\CRM.API.csproj", "{546B9751-0B5B-40A4-8C31-6D9E59A5EB4A}"
EndProject
Project("{9A19103F-16F7-4668-BE54-9A1E7A4F7556}") = "CRM.Application", "CRM.Application\CRM.Application.csproj", "{855455C8-13B4-4457-BDAA-6D689230A3D9}"
EndProject
Project("{9A19103F-16F7-4668-BE54-9A1E7A4F7556}") = "CRM.Core", "CRM.Core\CRM.Core.csproj", "{8A43BB52-00F8-408B-82A6-7FB368CE975D}"
EndProject
Project("{9A19103F-16F7-4668-BE54-9A1E7A4F7556}") = "CRM.Infrastructure", "CRM.Infrastructure\CRM.Infrastructure.csproj", "{03BCAF7E-B3F6-4E65-8CF8-0715BB328ABB}"
EndProject
Project("{FAE04EC0-301F-11D3-BF4B-00C04F79EFBC}") = "GenerateJwtKey", "GenerateJwtKey\GenerateJwtKey.csproj", "{649E51A6-5D68-4580-B72C-5D8DE7E535AB}"
EndProject
Global
	GlobalSection(SolutionConfigurationPlatforms) = preSolution
		Debug|Any CPU = Debug|Any CPU
		Release|Any CPU = Release|Any CPU
	EndGlobalSection
	GlobalSection(ProjectConfigurationPlatforms) = postSolution
		{546B9751-0B5B-40A4-8C31-6D9E59A5EB4A}.Debug|Any CPU.ActiveCfg = Debug|Any CPU
		{546B9751-0B5B-40A4-8C31-6D9E59A5EB4A}.Debug|Any CPU.Build.0 = Debug|Any CPU
		{546B9751-0B5B-40A4-8C31-6D9E59A5EB4A}.Release|Any CPU.ActiveCfg = Release|Any CPU
		{546B9751-0B5B-40A4-8C31-6D9E59A5EB4A}.Release|Any CPU.Build.0 = Release|Any CPU
		{855455C8-13B4-4457-BDAA-6D689230A3D9}.Debug|Any CPU.ActiveCfg = Debug|Any CPU
		{855455C8-13B4-4457-BDAA-6D689230A3D9}.Debug|Any CPU.Build.0 = Debug|Any CPU
		{855455C8-13B4-4457-BDAA-6D689230A3D9}.Release|Any CPU.ActiveCfg = Release|Any CPU
		{855455C8-13B4-4457-BDAA-6D689230A3D9}.Release|Any CPU.Build.0 = Release|Any CPU
		{8A43BB52-00F8-408B-82A6-7FB368CE975D}.Debug|Any CPU.ActiveCfg = Debug|Any CPU
		{8A43BB52-00F8-408B-82A6-7FB368CE975D}.Debug|Any CPU.Build.0 = Debug|Any CPU
		{8A43BB52-00F8-408B-82A6-7FB368CE975D}.Release|Any CPU.ActiveCfg = Release|Any CPU
		{8A43BB52-00F8-408B-82A6-7FB368CE975D}.Release|Any CPU.Build.0 = Release|Any CPU
		{03BCAF7E-B3F6-4E65-8CF8-0715BB328ABB}.Debug|Any CPU.ActiveCfg = Debug|Any CPU
		{03BCAF7E-B3F6-4E65-8CF8-0715BB328ABB}.Debug|Any CPU.Build.0 = Debug|Any CPU
		{03BCAF7E-B3F6-4E65-8CF8-0715BB328ABB}.Release|Any CPU.ActiveCfg = Release|Any CPU
		{03BCAF7E-B3F6-4E65-8CF8-0715BB328ABB}.Release|Any CPU.Build.0 = Release|Any CPU
		{649E51A6-5D68-4580-B72C-5D8DE7E535AB}.Debug|Any CPU.ActiveCfg = Debug|Any CPU
		{649E51A6-5D68-4580-B72C-5D8DE7E535AB}.Debug|Any CPU.Build.0 = Debug|Any CPU
		{649E51A6-5D68-4580-B72C-5D8DE7E535AB}.Release|Any CPU.ActiveCfg = Release|Any CPU
		{649E51A6-5D68-4580-B72C-5D8DE7E535AB}.Release|Any CPU.Build.0 = Release|Any CPU
	EndGlobalSection
	GlobalSection(SolutionProperties) = preSolution
		HideSolutionNode = FALSE
	EndGlobalSection
	GlobalSection(ExtensibilityGlobals) = postSolution
		SolutionGuid = {7BE4DCD4-B596-433C-9018-834E85848184}
	EndGlobalSection
EndGlobal
